
Microsoft Visual Studio Solution File, Format Version 12.00
# Visual Studio Version 17
VisualStudioVersion = 17.7.34221.43
MinimumVisualStudioVersion = 10.0.40219.1
Project("{9A19103F-16F7-4668-BE54-9A1E7A4F7556}") = "Sci.NET.Mathematics", "src\Sci.NET.Mathematics\Sci.NET.Mathematics.csproj", "{C07478D5-F493-4E54-ADC6-7038CCE7F6E5}"
EndProject
Project("{9A19103F-16F7-4668-BE54-9A1E7A4F7556}") = "Sci.NET.Common", "src\Sci.NET.Common\Sci.NET.Common.csproj", "{B91244C2-4289-4F73-B9EF-B4A5320D08A9}"
EndProject
Project("{9A19103F-16F7-4668-BE54-9A1E7A4F7556}") = "Sci.NET.Mathematics.UnitTests", "src\Sci.NET.Mathematics.UnitTests\Sci.NET.Mathematics.UnitTests.csproj", "{0303C0C3-2070-456E-B254-3BDD710BC633}"
EndProject
Project("{9A19103F-16F7-4668-BE54-9A1E7A4F7556}") = "Sci.NET.Common.UnitTests", "src\Sci.NET.Common.UnitTests\Sci.NET.Common.UnitTests.csproj", "{513B5B41-5218-46FD-93EA-308056B7EFF3}"
EndProject
Project("{2150E333-8FDC-42A3-9474-1A3956D46DE8}") = "Solution Items", "Solution Items", "{D955EFF8-EE73-4831-B1F0-2B04345C30B0}"
	ProjectSection(SolutionItems) = preProject
		src\Directory.Build.props = src\Directory.Build.props
		src\Directory.Packages.props = src\Directory.Packages.props
		eng\build-props\AddAnalyzers.props = eng\build-props\AddAnalyzers.props
		eng\build-props\AddCommonTestNugetPackages.props = eng\build-props\AddCommonTestNugetPackages.props
		eng\build-props\MakeInternalsVisibleToTestProjects.props = eng\build-props\MakeInternalsVisibleToTestProjects.props
		NuGet.config = NuGet.config
	EndProjectSection
EndProject
Project("{9A19103F-16F7-4668-BE54-9A1E7A4F7556}") = "Sci.NET.Images", "src\Sci.NET.Images\Sci.NET.Images.csproj", "{F1D57C4E-4EA0-40B9-BD35-635BD3166E5C}"
EndProject
Project("{9A19103F-16F7-4668-BE54-9A1E7A4F7556}") = "Sci.NET.MachineLearning", "src\Sci.NET.MachineLearning\Sci.NET.MachineLearning.csproj", "{39011DE1-BE28-4FB8-B0C9-2179A40DBAAF}"
EndProject
Project("{2150E333-8FDC-42A3-9474-1A3956D46DE8}") = "Datasets", "Datasets", "{A89249A7-5AAC-47CF-9E3C-869FD5524A0F}"
EndProject
Project("{9A19103F-16F7-4668-BE54-9A1E7A4F7556}") = "Sci.NET.Datasets", "src\Sci.NET.Datasets\Sci.NET.Datasets.csproj", "{368FE95C-6C18-471A-A083-BE04EFC2768A}"
EndProject
Project("{9A19103F-16F7-4668-BE54-9A1E7A4F7556}") = "Sci.NET.Mathematics.IntegrationTests", "src\Sci.NET.Mathematics.IntegrationTests\Sci.NET.Mathematics.IntegrationTests.csproj", "{8966BABB-63D9-450C-852D-ECDA0ADDD96A}"
EndProject
Project("{FAE04EC0-301F-11D3-BF4B-00C04F79EFBC}") = "Sci.NET.Tests.Framework", "src\Sci.NET.Tests.Framework\Sci.NET.Tests.Framework.csproj", "{7D2F834F-E1DD-4F16-A8A2-6BE6167B22E8}"
EndProject
Project("{FAE04EC0-301F-11D3-BF4B-00C04F79EFBC}") = "Sci.NET.Datasets.MNIST", "src\Sci.NET.Datasets.MNIST\Sci.NET.Datasets.MNIST.csproj", "{D4667540-9853-415C-A9A4-AF24C4A8CA14}"
EndProject
Project("{2150E333-8FDC-42A3-9474-1A3956D46DE8}") = "Benchmarks", "Benchmarks", "{23D4B1C9-4CC8-4B4A-BE72-14FFAE5263B2}"
EndProject
Project("{FAE04EC0-301F-11D3-BF4B-00C04F79EFBC}") = "Sci.NET.Mathematics.Benchmarks", "src\Sci.NET.Mathematics.Benchmarks\Sci.NET.Mathematics.Benchmarks.csproj", "{2C72FFC2-F938-4A08-85E5-19DB2066C61A}"
EndProject
Project("{2150E333-8FDC-42A3-9474-1A3956D46DE8}") = "Packages", "Packages", "{E435E549-ABAE-44E2-BD1F-FC6090A7EAD0}"
EndProject
Project("{2150E333-8FDC-42A3-9474-1A3956D46DE8}") = "libllvm", "libllvm", "{3D2FA6D4-B835-4CD0-9EEA-929F317C0618}"
EndProject
Project("{2150E333-8FDC-42A3-9474-1A3956D46DE8}") = "Sci.NET.LLVM.LibLLVM", "Sci.NET.LLVM.LibLLVM", "{B5BD45DD-BE86-48F5-8F35-7604B2D5059B}"
	ProjectSection(SolutionItems) = preProject
		Packages\libllvm\Sci.NET.LLVM.LibLLVM\runtime.json = Packages\libllvm\Sci.NET.LLVM.LibLLVM\runtime.json
		Packages\libllvm\Sci.NET.LLVM.LibLLVM\Sci.NET.LLVM.LibLLVM.nuspec = Packages\libllvm\Sci.NET.LLVM.LibLLVM\Sci.NET.LLVM.LibLLVM.nuspec
	EndProjectSection
EndProject
Project("{2150E333-8FDC-42A3-9474-1A3956D46DE8}") = "Sci.NET.LLVM.LibLLVM.runtime.linux-arm64", "Sci.NET.LLVM.LibLLVM.runtime.linux-arm64", "{3B072095-4CF9-470F-84D5-0FF6F31612AC}"
	ProjectSection(SolutionItems) = preProject
		Packages\libllvm\Sci.NET.LLVM.LibLLVM.runtime.linux-arm64\LICENSE.txt = Packages\libllvm\Sci.NET.LLVM.LibLLVM.runtime.linux-arm64\LICENSE.txt
		Packages\libllvm\Sci.NET.LLVM.LibLLVM.runtime.linux-arm64\Sci.NET.LLVM.LibLLVM.runtime.linux-arm64.nuspec = Packages\libllvm\Sci.NET.LLVM.LibLLVM.runtime.linux-arm64\Sci.NET.LLVM.LibLLVM.runtime.linux-arm64.nuspec
	EndProjectSection
EndProject
Project("{2150E333-8FDC-42A3-9474-1A3956D46DE8}") = "Sci.NET.LLVM.LibLLVM.runtime.linux-x64", "Sci.NET.LLVM.LibLLVM.runtime.linux-x64", "{EDDDE54D-A331-4468-948D-87E25A538104}"
	ProjectSection(SolutionItems) = preProject
		Packages\libllvm\Sci.NET.LLVM.LibLLVM.runtime.linux-x64\LICENSE.txt = Packages\libllvm\Sci.NET.LLVM.LibLLVM.runtime.linux-x64\LICENSE.txt
		Packages\libllvm\Sci.NET.LLVM.LibLLVM.runtime.linux-x64\Sci.NET.LLVM.LibLLVM.runtime.linux-x64.nuspec = Packages\libllvm\Sci.NET.LLVM.LibLLVM.runtime.linux-x64\Sci.NET.LLVM.LibLLVM.runtime.linux-x64.nuspec
	EndProjectSection
EndProject
Project("{2150E333-8FDC-42A3-9474-1A3956D46DE8}") = "Sci.NET.LLVM.LibLLVM.runtime.osx-arm64", "Sci.NET.LLVM.LibLLVM.runtime.osx-arm64", "{1FFE59E9-6A68-4850-8665-DA7CC1784FE7}"
	ProjectSection(SolutionItems) = preProject
		Packages\libllvm\Sci.NET.LLVM.LibLLVM.runtime.osx-arm64\LICENSE.txt = Packages\libllvm\Sci.NET.LLVM.LibLLVM.runtime.osx-arm64\LICENSE.txt
		Packages\libllvm\Sci.NET.LLVM.LibLLVM.runtime.osx-arm64\Sci.NET.LLVM.LibLLVM.runtime.osx-arm64.nuspec = Packages\libllvm\Sci.NET.LLVM.LibLLVM.runtime.osx-arm64\Sci.NET.LLVM.LibLLVM.runtime.osx-arm64.nuspec
	EndProjectSection
EndProject
Project("{2150E333-8FDC-42A3-9474-1A3956D46DE8}") = "Sci.NET.LLVM.LibLLVM.runtime.osx-win-arm64", "Sci.NET.LLVM.LibLLVM.runtime.osx-win-arm64", "{4C38DBE2-6E6A-45DF-A775-B6DE708046FB}"
	ProjectSection(SolutionItems) = preProject
		Packages\libllvm\Sci.NET.LLVM.LibLLVM.runtime.osx-win-arm64\LICENSE.txt = Packages\libllvm\Sci.NET.LLVM.LibLLVM.runtime.osx-win-arm64\LICENSE.txt
		Packages\libllvm\Sci.NET.LLVM.LibLLVM.runtime.osx-win-arm64\Sci.NET.LLVM.LibLLVM.runtime.osx-win-arm64.nuspec = Packages\libllvm\Sci.NET.LLVM.LibLLVM.runtime.osx-win-arm64\Sci.NET.LLVM.LibLLVM.runtime.osx-win-arm64.nuspec
	EndProjectSection
EndProject
Project("{2150E333-8FDC-42A3-9474-1A3956D46DE8}") = "Sci.NET.LLVM.LibLLVM.runtime.osx-x64", "Sci.NET.LLVM.LibLLVM.runtime.osx-x64", "{A3957383-BFB0-4398-9297-C8AE09402B25}"
	ProjectSection(SolutionItems) = preProject
		Packages\libllvm\Sci.NET.LLVM.LibLLVM.runtime.osx-x64\LICENSE.txt = Packages\libllvm\Sci.NET.LLVM.LibLLVM.runtime.osx-x64\LICENSE.txt
		Packages\libllvm\Sci.NET.LLVM.LibLLVM.runtime.osx-x64\Sci.NET.LLVM.LibLLVM.runtime.osx-x64.nuspec = Packages\libllvm\Sci.NET.LLVM.LibLLVM.runtime.osx-x64\Sci.NET.LLVM.LibLLVM.runtime.osx-x64.nuspec
	EndProjectSection
EndProject
Project("{2150E333-8FDC-42A3-9474-1A3956D46DE8}") = "Sci.NET.LLVM.LibLLVM.runtime.win-x64", "Sci.NET.LLVM.LibLLVM.runtime.win-x64", "{21A6DF22-E52D-4DF1-BAF5-4036D9230126}"
	ProjectSection(SolutionItems) = preProject
		Packages\libllvm\Sci.NET.LLVM.LibLLVM.runtime.win-x64\LICENSE.txt = Packages\libllvm\Sci.NET.LLVM.LibLLVM.runtime.win-x64\LICENSE.txt
		Packages\libllvm\Sci.NET.LLVM.LibLLVM.runtime.win-x64\Sci.NET.LLVM.LibLLVM.runtime.win-x64.nuspec = Packages\libllvm\Sci.NET.LLVM.LibLLVM.runtime.win-x64\Sci.NET.LLVM.LibLLVM.runtime.win-x64.nuspec
	EndProjectSection
EndProject
Project("{2150E333-8FDC-42A3-9474-1A3956D46DE8}") = "libcuda", "libcuda", "{3A31303E-4EDA-42AB-B2BF-6A789C441CA7}"
EndProject
Project("{2150E333-8FDC-42A3-9474-1A3956D46DE8}") = "Samples", "Samples", "{7BDB3E57-DE57-44BB-BA16-00DFDF795FEC}"
EndProject
Project("{FAE04EC0-301F-11D3-BF4B-00C04F79EFBC}") = "Basics.MatrixMultiply", "Samples\Basics.MatrixMultiply\Basics.MatrixMultiply.csproj", "{C8D200B6-1CC6-4CD9-95D2-E1EE0C3321EF}"
EndProject
Project("{FAE04EC0-301F-11D3-BF4B-00C04F79EFBC}") = "Basics.Arithmetic", "Samples\Basics.Arithmetic\Basics.Arithmetic.csproj", "{2D8E6664-4382-40CC-9122-F39DD3B4CB5A}"
EndProject
Project("{FAE04EC0-301F-11D3-BF4B-00C04F79EFBC}") = "Basics.Reduction", "Samples\Basics.Reduction\Basics.Reduction.csproj", "{117F67BF-81AB-4558-9BB9-4A170C7FC827}"
EndProject
Global
	GlobalSection(SolutionConfigurationPlatforms) = preSolution
		Debug|Any CPU = Debug|Any CPU
		Release|Any CPU = Release|Any CPU
	EndGlobalSection
	GlobalSection(ProjectConfigurationPlatforms) = postSolution
		{C07478D5-F493-4E54-ADC6-7038CCE7F6E5}.Debug|Any CPU.ActiveCfg = Debug|Any CPU
		{C07478D5-F493-4E54-ADC6-7038CCE7F6E5}.Debug|Any CPU.Build.0 = Debug|Any CPU
		{C07478D5-F493-4E54-ADC6-7038CCE7F6E5}.Release|Any CPU.ActiveCfg = Release|Any CPU
		{C07478D5-F493-4E54-ADC6-7038CCE7F6E5}.Release|Any CPU.Build.0 = Release|Any CPU
		{B91244C2-4289-4F73-B9EF-B4A5320D08A9}.Debug|Any CPU.ActiveCfg = Debug|Any CPU
		{B91244C2-4289-4F73-B9EF-B4A5320D08A9}.Debug|Any CPU.Build.0 = Debug|Any CPU
		{B91244C2-4289-4F73-B9EF-B4A5320D08A9}.Release|Any CPU.ActiveCfg = Release|Any CPU
		{B91244C2-4289-4F73-B9EF-B4A5320D08A9}.Release|Any CPU.Build.0 = Release|Any CPU
		{0303C0C3-2070-456E-B254-3BDD710BC633}.Debug|Any CPU.ActiveCfg = Debug|Any CPU
		{0303C0C3-2070-456E-B254-3BDD710BC633}.Debug|Any CPU.Build.0 = Debug|Any CPU
		{0303C0C3-2070-456E-B254-3BDD710BC633}.Release|Any CPU.ActiveCfg = Release|Any CPU
		{0303C0C3-2070-456E-B254-3BDD710BC633}.Release|Any CPU.Build.0 = Release|Any CPU
		{513B5B41-5218-46FD-93EA-308056B7EFF3}.Debug|Any CPU.ActiveCfg = Debug|Any CPU
		{513B5B41-5218-46FD-93EA-308056B7EFF3}.Debug|Any CPU.Build.0 = Debug|Any CPU
		{513B5B41-5218-46FD-93EA-308056B7EFF3}.Release|Any CPU.ActiveCfg = Release|Any CPU
		{513B5B41-5218-46FD-93EA-308056B7EFF3}.Release|Any CPU.Build.0 = Release|Any CPU
		{F1D57C4E-4EA0-40B9-BD35-635BD3166E5C}.Debug|Any CPU.ActiveCfg = Debug|Any CPU
		{F1D57C4E-4EA0-40B9-BD35-635BD3166E5C}.Debug|Any CPU.Build.0 = Debug|Any CPU
		{F1D57C4E-4EA0-40B9-BD35-635BD3166E5C}.Release|Any CPU.ActiveCfg = Release|Any CPU
		{F1D57C4E-4EA0-40B9-BD35-635BD3166E5C}.Release|Any CPU.Build.0 = Release|Any CPU
		{39011DE1-BE28-4FB8-B0C9-2179A40DBAAF}.Debug|Any CPU.ActiveCfg = Debug|Any CPU
		{39011DE1-BE28-4FB8-B0C9-2179A40DBAAF}.Debug|Any CPU.Build.0 = Debug|Any CPU
		{39011DE1-BE28-4FB8-B0C9-2179A40DBAAF}.Release|Any CPU.ActiveCfg = Release|Any CPU
		{39011DE1-BE28-4FB8-B0C9-2179A40DBAAF}.Release|Any CPU.Build.0 = Release|Any CPU
		{368FE95C-6C18-471A-A083-BE04EFC2768A}.Debug|Any CPU.ActiveCfg = Debug|Any CPU
		{368FE95C-6C18-471A-A083-BE04EFC2768A}.Debug|Any CPU.Build.0 = Debug|Any CPU
		{368FE95C-6C18-471A-A083-BE04EFC2768A}.Release|Any CPU.ActiveCfg = Release|Any CPU
		{368FE95C-6C18-471A-A083-BE04EFC2768A}.Release|Any CPU.Build.0 = Release|Any CPU
		{8966BABB-63D9-450C-852D-ECDA0ADDD96A}.Debug|Any CPU.ActiveCfg = Debug|Any CPU
		{8966BABB-63D9-450C-852D-ECDA0ADDD96A}.Debug|Any CPU.Build.0 = Debug|Any CPU
		{8966BABB-63D9-450C-852D-ECDA0ADDD96A}.Release|Any CPU.ActiveCfg = Release|Any CPU
		{8966BABB-63D9-450C-852D-ECDA0ADDD96A}.Release|Any CPU.Build.0 = Release|Any CPU
		{7D2F834F-E1DD-4F16-A8A2-6BE6167B22E8}.Debug|Any CPU.ActiveCfg = Debug|Any CPU
		{7D2F834F-E1DD-4F16-A8A2-6BE6167B22E8}.Debug|Any CPU.Build.0 = Debug|Any CPU
		{7D2F834F-E1DD-4F16-A8A2-6BE6167B22E8}.Release|Any CPU.ActiveCfg = Release|Any CPU
		{7D2F834F-E1DD-4F16-A8A2-6BE6167B22E8}.Release|Any CPU.Build.0 = Release|Any CPU
		{D4667540-9853-415C-A9A4-AF24C4A8CA14}.Debug|Any CPU.ActiveCfg = Debug|Any CPU
		{D4667540-9853-415C-A9A4-AF24C4A8CA14}.Debug|Any CPU.Build.0 = Debug|Any CPU
		{D4667540-9853-415C-A9A4-AF24C4A8CA14}.Release|Any CPU.ActiveCfg = Release|Any CPU
		{D4667540-9853-415C-A9A4-AF24C4A8CA14}.Release|Any CPU.Build.0 = Release|Any CPU
		{2C72FFC2-F938-4A08-85E5-19DB2066C61A}.Debug|Any CPU.ActiveCfg = Debug|Any CPU
		{2C72FFC2-F938-4A08-85E5-19DB2066C61A}.Debug|Any CPU.Build.0 = Debug|Any CPU
		{2C72FFC2-F938-4A08-85E5-19DB2066C61A}.Release|Any CPU.ActiveCfg = Release|Any CPU
		{2C72FFC2-F938-4A08-85E5-19DB2066C61A}.Release|Any CPU.Build.0 = Release|Any CPU
		{C8D200B6-1CC6-4CD9-95D2-E1EE0C3321EF}.Debug|Any CPU.ActiveCfg = Debug|Any CPU
		{C8D200B6-1CC6-4CD9-95D2-E1EE0C3321EF}.Debug|Any CPU.Build.0 = Debug|Any CPU
		{C8D200B6-1CC6-4CD9-95D2-E1EE0C3321EF}.Release|Any CPU.ActiveCfg = Release|Any CPU
		{C8D200B6-1CC6-4CD9-95D2-E1EE0C3321EF}.Release|Any CPU.Build.0 = Release|Any CPU
		{2D8E6664-4382-40CC-9122-F39DD3B4CB5A}.Debug|Any CPU.ActiveCfg = Debug|Any CPU
		{2D8E6664-4382-40CC-9122-F39DD3B4CB5A}.Debug|Any CPU.Build.0 = Debug|Any CPU
		{2D8E6664-4382-40CC-9122-F39DD3B4CB5A}.Release|Any CPU.ActiveCfg = Release|Any CPU
		{2D8E6664-4382-40CC-9122-F39DD3B4CB5A}.Release|Any CPU.Build.0 = Release|Any CPU
		{117F67BF-81AB-4558-9BB9-4A170C7FC827}.Debug|Any CPU.ActiveCfg = Debug|Any CPU
		{117F67BF-81AB-4558-9BB9-4A170C7FC827}.Debug|Any CPU.Build.0 = Debug|Any CPU
		{117F67BF-81AB-4558-9BB9-4A170C7FC827}.Release|Any CPU.ActiveCfg = Release|Any CPU
		{117F67BF-81AB-4558-9BB9-4A170C7FC827}.Release|Any CPU.Build.0 = Release|Any CPU
	EndGlobalSection
	GlobalSection(SolutionProperties) = preSolution
		HideSolutionNode = FALSE
	EndGlobalSection
	GlobalSection(NestedProjects) = preSolution
		{D4667540-9853-415C-A9A4-AF24C4A8CA14} = {A89249A7-5AAC-47CF-9E3C-869FD5524A0F}
		{2C72FFC2-F938-4A08-85E5-19DB2066C61A} = {23D4B1C9-4CC8-4B4A-BE72-14FFAE5263B2}
		{C8D200B6-1CC6-4CD9-95D2-E1EE0C3321EF} = {7BDB3E57-DE57-44BB-BA16-00DFDF795FEC}
		{2D8E6664-4382-40CC-9122-F39DD3B4CB5A} = {7BDB3E57-DE57-44BB-BA16-00DFDF795FEC}
		{117F67BF-81AB-4558-9BB9-4A170C7FC827} = {7BDB3E57-DE57-44BB-BA16-00DFDF795FEC}
		{3D2FA6D4-B835-4CD0-9EEA-929F317C0618} = {E435E549-ABAE-44E2-BD1F-FC6090A7EAD0}
		{B5BD45DD-BE86-48F5-8F35-7604B2D5059B} = {3D2FA6D4-B835-4CD0-9EEA-929F317C0618}
		{3B072095-4CF9-470F-84D5-0FF6F31612AC} = {3D2FA6D4-B835-4CD0-9EEA-929F317C0618}
		{EDDDE54D-A331-4468-948D-87E25A538104} = {3D2FA6D4-B835-4CD0-9EEA-929F317C0618}
		{1FFE59E9-6A68-4850-8665-DA7CC1784FE7} = {3D2FA6D4-B835-4CD0-9EEA-929F317C0618}
		{4C38DBE2-6E6A-45DF-A775-B6DE708046FB} = {3D2FA6D4-B835-4CD0-9EEA-929F317C0618}
		{A3957383-BFB0-4398-9297-C8AE09402B25} = {3D2FA6D4-B835-4CD0-9EEA-929F317C0618}
		{21A6DF22-E52D-4DF1-BAF5-4036D9230126} = {3D2FA6D4-B835-4CD0-9EEA-929F317C0618}
		{3A31303E-4EDA-42AB-B2BF-6A789C441CA7} = {E435E549-ABAE-44E2-BD1F-FC6090A7EAD0}
	EndGlobalSection
	GlobalSection(ExtensibilityGlobals) = postSolution
		SolutionGuid = {DC5435D4-B949-4EC3-9C76-673335B11820}
	EndGlobalSection
EndGlobal
